
Microsoft Visual Studio Solution File, Format Version 12.00
# Visual Studio 15
VisualStudioVersion = 15.0.28307.168
MinimumVisualStudioVersion = 10.0.40219.1
Project("{FAE04EC0-301F-11D3-BF4B-00C04F79EFBC}") = "01_Generics", "01_Generics\01_Generics.csproj", "{B67C5F73-068A-4E3D-A989-54AFD40C731F}"
EndProject
Global
	GlobalSection(SolutionConfigurationPlatforms) = preSolution
		Debug|Any CPU = Debug|Any CPU
		Release|Any CPU = Release|Any CPU
	EndGlobalSection
	GlobalSection(ProjectConfigurationPlatforms) = postSolution
		{B67C5F73-068A-4E3D-A989-54AFD40C731F}.Debug|Any CPU.ActiveCfg = Debug|Any CPU
		{B67C5F73-068A-4E3D-A989-54AFD40C731F}.Debug|Any CPU.Build.0 = Debug|Any CPU
		{B67C5F73-068A-4E3D-A989-54AFD40C731F}.Release|Any CPU.ActiveCfg = Release|Any CPU
		{B67C5F73-068A-4E3D-A989-54AFD40C731F}.Release|Any CPU.Build.0 = Release|Any CPU
	EndGlobalSection
	GlobalSection(SolutionProperties) = preSolution
		HideSolutionNode = FALSE
	EndGlobalSection
	GlobalSection(ExtensibilityGlobals) = postSolution
		SolutionGuid = {ED31B047-9C84-4B83-A394-703D4DCBBF04}
	EndGlobalSection
EndGlobal
